
Microsoft Visual Studio Solution File, Format Version 12.00
# Visual Studio Version 16
VisualStudioVersion = 16.0.32413.511
MinimumVisualStudioVersion = 10.0.40219.1
Project("{FAE04EC0-301F-11D3-BF4B-00C04F79EFBC}") = "4.TypesAndVariables", "TypesAndVariables\4.TypesAndVariables.csproj", "{3E5F13A6-DC46-41FD-820A-6B353D195149}"
EndProject
Project("{FAE04EC0-301F-11D3-BF4B-00C04F79EFBC}") = "5.Conditionals", "Conditionals\5.Conditionals.csproj", "{DF3AAFBF-FEB1-4BD8-90E2-B081A5C5BD36}"
EndProject
Project("{FAE04EC0-301F-11D3-BF4B-00C04F79EFBC}") = "6.Methods", "Methods\6.Methods.csproj", "{29E3116F-7B9D-4B77-9E6F-742997FE432F}"
EndProject
Project("{FAE04EC0-301F-11D3-BF4B-00C04F79EFBC}") = "7.Arrays", "Arrays\7.Arrays.csproj", "{64E2A5CC-C136-4A91-A91D-070C79CB7498}"
EndProject
Project("{FAE04EC0-301F-11D3-BF4B-00C04F79EFBC}") = "8.Loops", "Loops\8.Loops.csproj", "{AC5007FD-3606-459F-BA2E-DC9F33468139}"
EndProject
Project("{FAE04EC0-301F-11D3-BF4B-00C04F79EFBC}") = "9.Strings", "Strings\9.Strings.csproj", "{1F6DAF2F-6706-4E0E-A32B-FFCDC2DA0674}"
EndProject
Project("{FAE04EC0-301F-11D3-BF4B-00C04F79EFBC}") = "10.Classes", "Classes\10.Classes.csproj", "{095F7801-4C79-4455-B996-96B0B4BAFB5A}"
EndProject
Project("{FAE04EC0-301F-11D3-BF4B-00C04F79EFBC}") = "11.RecapDemo1", "RecapDemo1\11.RecapDemo1.csproj", "{88FFA436-52C9-4C64-AF56-8EA0CA5E1803}"
EndProject
Project("{FAE04EC0-301F-11D3-BF4B-00C04F79EFBC}") = "12.1.Interfaces", "Interfaces\12.1.Interfaces.csproj", "{45BFC91D-7F6F-43F5-A219-757B6DA83F0F}"
EndProject
Project("{FAE04EC0-301F-11D3-BF4B-00C04F79EFBC}") = "12.2.InterfacesDemo", "InterfacesDemo\12.2.InterfacesDemo.csproj", "{3074794F-BE53-4A87-A9E8-8DD297DC4223}"
EndProject
Project("{FAE04EC0-301F-11D3-BF4B-00C04F79EFBC}") = "InfoSOLID", "InfoSOLID\InfoSOLID.csproj", "{4D4AF3D0-D50E-429F-819A-53A6A20443E6}"
EndProject
Project("{FAE04EC0-301F-11D3-BF4B-00C04F79EFBC}") = "13.1.Inheritance", "Inheritance\13.1.Inheritance.csproj", "{CB3130CC-5C39-46D4-973B-49AABE1A9011}"
EndProject
Project("{FAE04EC0-301F-11D3-BF4B-00C04F79EFBC}") = "13.2.VirtualMethods", "VirtualMethods\13.2.VirtualMethods.csproj", "{4F3E31BA-951D-4A81-BE8B-3F7F121D8250}"
EndProject
Project("{FAE04EC0-301F-11D3-BF4B-00C04F79EFBC}") = "14.1.AbstractClasses", "AbstractClasses\14.1.AbstractClasses.csproj", "{6354DE7E-CC6E-4C33-8B99-FCE5FD7B08E0}"
EndProject
Project("{FAE04EC0-301F-11D3-BF4B-00C04F79EFBC}") = "15.ReCapDemo2", "ReCapDemo2\15.ReCapDemo2.csproj", "{A889B2DD-C905-4BB2-B919-5BC585D0B45D}"
EndProject
Project("{FAE04EC0-301F-11D3-BF4B-00C04F79EFBC}") = "InfoSourceControlItems", "InfoSourceControlItems\InfoSourceControlItems.csproj", "{AAA4E8E6-2BA4-4946-B282-B6AE82C23445}"
EndProject
Global
	GlobalSection(SolutionConfigurationPlatforms) = preSolution
		Debug|Any CPU = Debug|Any CPU
		Release|Any CPU = Release|Any CPU
	EndGlobalSection
	GlobalSection(ProjectConfigurationPlatforms) = postSolution
		{3E5F13A6-DC46-41FD-820A-6B353D195149}.Debug|Any CPU.ActiveCfg = Debug|Any CPU
		{3E5F13A6-DC46-41FD-820A-6B353D195149}.Debug|Any CPU.Build.0 = Debug|Any CPU
		{3E5F13A6-DC46-41FD-820A-6B353D195149}.Release|Any CPU.ActiveCfg = Release|Any CPU
		{3E5F13A6-DC46-41FD-820A-6B353D195149}.Release|Any CPU.Build.0 = Release|Any CPU
		{DF3AAFBF-FEB1-4BD8-90E2-B081A5C5BD36}.Debug|Any CPU.ActiveCfg = Debug|Any CPU
		{DF3AAFBF-FEB1-4BD8-90E2-B081A5C5BD36}.Debug|Any CPU.Build.0 = Debug|Any CPU
		{DF3AAFBF-FEB1-4BD8-90E2-B081A5C5BD36}.Release|Any CPU.ActiveCfg = Release|Any CPU
		{DF3AAFBF-FEB1-4BD8-90E2-B081A5C5BD36}.Release|Any CPU.Build.0 = Release|Any CPU
		{29E3116F-7B9D-4B77-9E6F-742997FE432F}.Debug|Any CPU.ActiveCfg = Debug|Any CPU
		{29E3116F-7B9D-4B77-9E6F-742997FE432F}.Debug|Any CPU.Build.0 = Debug|Any CPU
		{29E3116F-7B9D-4B77-9E6F-742997FE432F}.Release|Any CPU.ActiveCfg = Release|Any CPU
		{29E3116F-7B9D-4B77-9E6F-742997FE432F}.Release|Any CPU.Build.0 = Release|Any CPU
		{64E2A5CC-C136-4A91-A91D-070C79CB7498}.Debug|Any CPU.ActiveCfg = Debug|Any CPU
		{64E2A5CC-C136-4A91-A91D-070C79CB7498}.Debug|Any CPU.Build.0 = Debug|Any CPU
		{64E2A5CC-C136-4A91-A91D-070C79CB7498}.Release|Any CPU.ActiveCfg = Release|Any CPU
		{64E2A5CC-C136-4A91-A91D-070C79CB7498}.Release|Any CPU.Build.0 = Release|Any CPU
		{AC5007FD-3606-459F-BA2E-DC9F33468139}.Debug|Any CPU.ActiveCfg = Debug|Any CPU
		{AC5007FD-3606-459F-BA2E-DC9F33468139}.Debug|Any CPU.Build.0 = Debug|Any CPU
		{AC5007FD-3606-459F-BA2E-DC9F33468139}.Release|Any CPU.ActiveCfg = Release|Any CPU
		{AC5007FD-3606-459F-BA2E-DC9F33468139}.Release|Any CPU.Build.0 = Release|Any CPU
		{1F6DAF2F-6706-4E0E-A32B-FFCDC2DA0674}.Debug|Any CPU.ActiveCfg = Debug|Any CPU
		{1F6DAF2F-6706-4E0E-A32B-FFCDC2DA0674}.Debug|Any CPU.Build.0 = Debug|Any CPU
		{1F6DAF2F-6706-4E0E-A32B-FFCDC2DA0674}.Release|Any CPU.ActiveCfg = Release|Any CPU
		{1F6DAF2F-6706-4E0E-A32B-FFCDC2DA0674}.Release|Any CPU.Build.0 = Release|Any CPU
		{095F7801-4C79-4455-B996-96B0B4BAFB5A}.Debug|Any CPU.ActiveCfg = Debug|Any CPU
		{095F7801-4C79-4455-B996-96B0B4BAFB5A}.Debug|Any CPU.Build.0 = Debug|Any CPU
		{095F7801-4C79-4455-B996-96B0B4BAFB5A}.Release|Any CPU.ActiveCfg = Release|Any CPU
		{095F7801-4C79-4455-B996-96B0B4BAFB5A}.Release|Any CPU.Build.0 = Release|Any CPU
		{88FFA436-52C9-4C64-AF56-8EA0CA5E1803}.Debug|Any CPU.ActiveCfg = Debug|Any CPU
		{88FFA436-52C9-4C64-AF56-8EA0CA5E1803}.Debug|Any CPU.Build.0 = Debug|Any CPU
		{88FFA436-52C9-4C64-AF56-8EA0CA5E1803}.Release|Any CPU.ActiveCfg = Release|Any CPU
		{88FFA436-52C9-4C64-AF56-8EA0CA5E1803}.Release|Any CPU.Build.0 = Release|Any CPU
		{45BFC91D-7F6F-43F5-A219-757B6DA83F0F}.Debug|Any CPU.ActiveCfg = Debug|Any CPU
		{45BFC91D-7F6F-43F5-A219-757B6DA83F0F}.Debug|Any CPU.Build.0 = Debug|Any CPU
		{45BFC91D-7F6F-43F5-A219-757B6DA83F0F}.Release|Any CPU.ActiveCfg = Release|Any CPU
		{45BFC91D-7F6F-43F5-A219-757B6DA83F0F}.Release|Any CPU.Build.0 = Release|Any CPU
		{3074794F-BE53-4A87-A9E8-8DD297DC4223}.Debug|Any CPU.ActiveCfg = Debug|Any CPU
		{3074794F-BE53-4A87-A9E8-8DD297DC4223}.Debug|Any CPU.Build.0 = Debug|Any CPU
		{3074794F-BE53-4A87-A9E8-8DD297DC4223}.Release|Any CPU.ActiveCfg = Release|Any CPU
		{3074794F-BE53-4A87-A9E8-8DD297DC4223}.Release|Any CPU.Build.0 = Release|Any CPU
		{4D4AF3D0-D50E-429F-819A-53A6A20443E6}.Debug|Any CPU.ActiveCfg = Debug|Any CPU
		{4D4AF3D0-D50E-429F-819A-53A6A20443E6}.Debug|Any CPU.Build.0 = Debug|Any CPU
		{4D4AF3D0-D50E-429F-819A-53A6A20443E6}.Release|Any CPU.ActiveCfg = Release|Any CPU
		{4D4AF3D0-D50E-429F-819A-53A6A20443E6}.Release|Any CPU.Build.0 = Release|Any CPU
		{CB3130CC-5C39-46D4-973B-49AABE1A9011}.Debug|Any CPU.ActiveCfg = Debug|Any CPU
		{CB3130CC-5C39-46D4-973B-49AABE1A9011}.Debug|Any CPU.Build.0 = Debug|Any CPU
		{CB3130CC-5C39-46D4-973B-49AABE1A9011}.Release|Any CPU.ActiveCfg = Release|Any CPU
		{CB3130CC-5C39-46D4-973B-49AABE1A9011}.Release|Any CPU.Build.0 = Release|Any CPU
		{4F3E31BA-951D-4A81-BE8B-3F7F121D8250}.Debug|Any CPU.ActiveCfg = Debug|Any CPU
		{4F3E31BA-951D-4A81-BE8B-3F7F121D8250}.Debug|Any CPU.Build.0 = Debug|Any CPU
		{4F3E31BA-951D-4A81-BE8B-3F7F121D8250}.Release|Any CPU.ActiveCfg = Release|Any CPU
		{4F3E31BA-951D-4A81-BE8B-3F7F121D8250}.Release|Any CPU.Build.0 = Release|Any CPU
		{6354DE7E-CC6E-4C33-8B99-FCE5FD7B08E0}.Debug|Any CPU.ActiveCfg = Debug|Any CPU
		{6354DE7E-CC6E-4C33-8B99-FCE5FD7B08E0}.Debug|Any CPU.Build.0 = Debug|Any CPU
		{6354DE7E-CC6E-4C33-8B99-FCE5FD7B08E0}.Release|Any CPU.ActiveCfg = Release|Any CPU
		{6354DE7E-CC6E-4C33-8B99-FCE5FD7B08E0}.Release|Any CPU.Build.0 = Release|Any CPU
		{A889B2DD-C905-4BB2-B919-5BC585D0B45D}.Debug|Any CPU.ActiveCfg = Debug|Any CPU
		{A889B2DD-C905-4BB2-B919-5BC585D0B45D}.Debug|Any CPU.Build.0 = Debug|Any CPU
		{A889B2DD-C905-4BB2-B919-5BC585D0B45D}.Release|Any CPU.ActiveCfg = Release|Any CPU
		{A889B2DD-C905-4BB2-B919-5BC585D0B45D}.Release|Any CPU.Build.0 = Release|Any CPU
		{AAA4E8E6-2BA4-4946-B282-B6AE82C23445}.Debug|Any CPU.ActiveCfg = Debug|Any CPU
		{AAA4E8E6-2BA4-4946-B282-B6AE82C23445}.Debug|Any CPU.Build.0 = Debug|Any CPU
		{AAA4E8E6-2BA4-4946-B282-B6AE82C23445}.Release|Any CPU.ActiveCfg = Release|Any CPU
		{AAA4E8E6-2BA4-4946-B282-B6AE82C23445}.Release|Any CPU.Build.0 = Release|Any CPU
	EndGlobalSection
	GlobalSection(SolutionProperties) = preSolution
		HideSolutionNode = FALSE
	EndGlobalSection
	GlobalSection(ExtensibilityGlobals) = postSolution
		SolutionGuid = {36208782-1639-4BAA-AA94-B84841148733}
	EndGlobalSection
EndGlobal
